
Microsoft Visual Studio Solution File, Format Version 12.00
# Visual Studio Version 17
VisualStudioVersion = 17.5.33627.172
MinimumVisualStudioVersion = 10.0.40219.1
Project("{9A19103F-16F7-4668-BE54-9A1E7A4F7556}") = "VisitorsPlacement", "VisitorsPlacement\VisitorsPlacement.csproj", "{76994C21-A399-4AA7-B256-835AC178F836}"
	ProjectSection(ProjectDependencies) = postProject
		{B3C696CF-FFD2-4875-9C9E-848C3E179F9B} = {B3C696CF-FFD2-4875-9C9E-848C3E179F9B}
	EndProjectSection
EndProject
Project("{9A19103F-16F7-4668-BE54-9A1E7A4F7556}") = "VisitorsPlacement_Bal", "VisitorsPlacement_Bal\VisitorsPlacement_Bal.csproj", "{B3C696CF-FFD2-4875-9C9E-848C3E179F9B}"
EndProject
Project("{FAE04EC0-301F-11D3-BF4B-00C04F79EFBC}") = "TestVisitorPlacement", "TestVisitorPlacement\TestVisitorPlacement.csproj", "{0A509CF3-A283-47E8-8BA2-96B38320AA79}"
EndProject
Global
	GlobalSection(SolutionConfigurationPlatforms) = preSolution
		Debug|Any CPU = Debug|Any CPU
		Release|Any CPU = Release|Any CPU
	EndGlobalSection
	GlobalSection(ProjectConfigurationPlatforms) = postSolution
		{76994C21-A399-4AA7-B256-835AC178F836}.Debug|Any CPU.ActiveCfg = Debug|Any CPU
		{76994C21-A399-4AA7-B256-835AC178F836}.Debug|Any CPU.Build.0 = Debug|Any CPU
		{76994C21-A399-4AA7-B256-835AC178F836}.Release|Any CPU.ActiveCfg = Release|Any CPU
		{76994C21-A399-4AA7-B256-835AC178F836}.Release|Any CPU.Build.0 = Release|Any CPU
		{B3C696CF-FFD2-4875-9C9E-848C3E179F9B}.Debug|Any CPU.ActiveCfg = Debug|Any CPU
		{B3C696CF-FFD2-4875-9C9E-848C3E179F9B}.Debug|Any CPU.Build.0 = Debug|Any CPU
		{B3C696CF-FFD2-4875-9C9E-848C3E179F9B}.Release|Any CPU.ActiveCfg = Release|Any CPU
		{B3C696CF-FFD2-4875-9C9E-848C3E179F9B}.Release|Any CPU.Build.0 = Release|Any CPU
		{0A509CF3-A283-47E8-8BA2-96B38320AA79}.Debug|Any CPU.ActiveCfg = Debug|Any CPU
		{0A509CF3-A283-47E8-8BA2-96B38320AA79}.Debug|Any CPU.Build.0 = Debug|Any CPU
		{0A509CF3-A283-47E8-8BA2-96B38320AA79}.Release|Any CPU.ActiveCfg = Release|Any CPU
		{0A509CF3-A283-47E8-8BA2-96B38320AA79}.Release|Any CPU.Build.0 = Release|Any CPU
	EndGlobalSection
	GlobalSection(SolutionProperties) = preSolution
		HideSolutionNode = FALSE
	EndGlobalSection
	GlobalSection(ExtensibilityGlobals) = postSolution
		SolutionGuid = {B8001EF3-A6AA-489D-9D1B-7A19E9CC33E1}
	EndGlobalSection
EndGlobal
